
Microsoft Visual Studio Solution File, Format Version 12.00
# Visual Studio Version 17
VisualStudioVersion = 17.4.33103.184
MinimumVisualStudioVersion = 10.0.40219.1
Project("{FAE04EC0-301F-11D3-BF4B-00C04F79EFBC}") = "FacadesToolkit", "FacadesToolkit\FacadesToolkit.csproj", "{F411E1DA-708A-4F28-A4BC-AD426EB4A656}"
EndProject
Global
	GlobalSection(SolutionConfigurationPlatforms) = preSolution
		Debug|Any CPU = Debug|Any CPU
		Release|Any CPU = Release|Any CPU
	EndGlobalSection
	GlobalSection(ProjectConfigurationPlatforms) = postSolution
		{F411E1DA-708A-4F28-A4BC-AD426EB4A656}.Debug|Any CPU.ActiveCfg = Debug|Any CPU
		{F411E1DA-708A-4F28-A4BC-AD426EB4A656}.Debug|Any CPU.Build.0 = Debug|Any CPU
		{F411E1DA-708A-4F28-A4BC-AD426EB4A656}.Release|Any CPU.ActiveCfg = Release|Any CPU
		{F411E1DA-708A-4F28-A4BC-AD426EB4A656}.Release|Any CPU.Build.0 = Release|Any CPU
	EndGlobalSection
	GlobalSection(SolutionProperties) = preSolution
		HideSolutionNode = FALSE
	EndGlobalSection
	GlobalSection(ExtensibilityGlobals) = postSolution
		SolutionGuid = {A9F03C7E-12F4-46E7-92AE-E1C5D2D54719}
	EndGlobalSection
EndGlobal
